// !$*UTF8*$!
{
	archiveVersion = 1;
	classes = {
	};
	objectVersion = 46;
	objects = {

/* Begin PBXBuildFile section */
		40B00B701E01DB78006D8736 /* main.cpp in Sources */ = {isa = PBXBuildFile; fileRef = 40B00B6F1E01DB78006D8736 /* main.cpp */; };
		40B00B721E01DB78006D8736 /* Makefile in Sources */ = {isa = PBXBuildFile; fileRef = 40B00B711E01DB78006D8736 /* Makefile */; };
/* End PBXBuildFile section */

/* Begin PBXFileReference section */
		40B00B6C1E01DB78006D8736 /* Index */ = {isa = PBXFileReference; explicitFileType = "compiled.mach-o.executable"; includeInIndex = 0; path = Index; sourceTree = BUILT_PRODUCTS_DIR; };
		40B00B6F1E01DB78006D8736 /* main.cpp */ = {isa = PBXFileReference; lastKnownFileType = sourcecode.cpp.cpp; path = main.cpp; sourceTree = "<group>"; };
		40B00B711E01DB78006D8736 /* Makefile */ = {isa = PBXFileReference; lastKnownFileType = sourcecode.make; path = Makefile; sourceTree = "<group>"; };
		40B00B741E01DB78006D8736 /* Sketchbook.txt */ = {isa = PBXFileReference; lastKnownFileType = text; name = Sketchbook.txt; path = Sketchbook/Sketchbook.txt; sourceTree = "<group>"; };
		40B00B761E01DB78006D8736 /* Arduino Due.xcconfig */ = {isa = PBXFileReference; lastKnownFileType = text.xcconfig; name = "Arduino Due.xcconfig"; path = "Configurations/Arduino Due.xcconfig"; sourceTree = "<group>"; };
		40B00B771E01DB78006D8736 /* Arduino Duemilanove.xcconfig */ = {isa = PBXFileReference; lastKnownFileType = text.xcconfig; name = "Arduino Duemilanove.xcconfig"; path = "Configurations/Arduino Duemilanove.xcconfig"; sourceTree = "<group>"; };
		40B00B781E01DB78006D8736 /* Arduino Leonardo.xcconfig */ = {isa = PBXFileReference; lastKnownFileType = text.xcconfig; name = "Arduino Leonardo.xcconfig"; path = "Configurations/Arduino Leonardo.xcconfig"; sourceTree = "<group>"; };
		40B00B791E01DB78006D8736 /* Arduino Mega 2560.xcconfig */ = {isa = PBXFileReference; lastKnownFileType = text.xcconfig; name = "Arduino Mega 2560.xcconfig"; path = "Configurations/Arduino Mega 2560.xcconfig"; sourceTree = "<group>"; };
		40B00B7A1E01DB78006D8736 /* Arduino Micro.xcconfig */ = {isa = PBXFileReference; lastKnownFileType = text.xcconfig; name = "Arduino Micro.xcconfig"; path = "Configurations/Arduino Micro.xcconfig"; sourceTree = "<group>"; };
		40B00B7B1E01DB78006D8736 /* Arduino Pro with ATmega328-3.3V.xcconfig */ = {isa = PBXFileReference; lastKnownFileType = text.xcconfig; name = "Arduino Pro with ATmega328-3.3V.xcconfig"; path = "Configurations/Arduino Pro with ATmega328-3.3V.xcconfig"; sourceTree = "<group>"; };
		40B00B7C1E01DB78006D8736 /* Arduino Pro with ATmega328-5V.xcconfig */ = {isa = PBXFileReference; lastKnownFileType = text.xcconfig; name = "Arduino Pro with ATmega328-5V.xcconfig"; path = "Configurations/Arduino Pro with ATmega328-5V.xcconfig"; sourceTree = "<group>"; };
		40B00B7D1E01DB78006D8736 /* Arduino Mini with ATmega168.xcconfig */ = {isa = PBXFileReference; lastKnownFileType = text.xcconfig; name = "Arduino Mini with ATmega168.xcconfig"; path = "Configurations/Arduino Mini with ATmega168.xcconfig"; sourceTree = "<group>"; };
		40B00B7E1E01DB78006D8736 /* Arduino Mini with ATmega328.xcconfig */ = {isa = PBXFileReference; lastKnownFileType = text.xcconfig; name = "Arduino Mini with ATmega328.xcconfig"; path = "Configurations/Arduino Mini with ATmega328.xcconfig"; sourceTree = "<group>"; };
		40B00B7F1E01DB78006D8736 /* Arduino Nano with ATmega168.xcconfig */ = {isa = PBXFileReference; lastKnownFileType = text.xcconfig; name = "Arduino Nano with ATmega168.xcconfig"; path = "Configurations/Arduino Nano with ATmega168.xcconfig"; sourceTree = "<group>"; };
		40B00B801E01DB78006D8736 /* Arduino Nano with ATmega328.xcconfig */ = {isa = PBXFileReference; lastKnownFileType = text.xcconfig; name = "Arduino Nano with ATmega328.xcconfig"; path = "Configurations/Arduino Nano with ATmega328.xcconfig"; sourceTree = "<group>"; };
		40B00B811E01DB78006D8736 /* Arduino Robot Control.xcconfig */ = {isa = PBXFileReference; lastKnownFileType = text.xcconfig; name = "Arduino Robot Control.xcconfig"; path = "Configurations/Arduino Robot Control.xcconfig"; sourceTree = "<group>"; };
		40B00B821E01DB78006D8736 /* Arduino Robot Motor.xcconfig */ = {isa = PBXFileReference; lastKnownFileType = text.xcconfig; name = "Arduino Robot Motor.xcconfig"; path = "Configurations/Arduino Robot Motor.xcconfig"; sourceTree = "<group>"; };
		40B00B831E01DB78006D8736 /* Arduino Uno.xcconfig */ = {isa = PBXFileReference; lastKnownFileType = text.xcconfig; name = "Arduino Uno.xcconfig"; path = "Configurations/Arduino Uno.xcconfig"; sourceTree = "<group>"; };
		40B00B841E01DB78006D8736 /* Arduino Uno (USBtinyISP).xcconfig */ = {isa = PBXFileReference; lastKnownFileType = text.xcconfig; name = "Arduino Uno (USBtinyISP).xcconfig"; path = "Configurations/Arduino Uno (USBtinyISP).xcconfig"; sourceTree = "<group>"; };
		40B00B851E01DB78006D8736 /* Arduino Yun.xcconfig */ = {isa = PBXFileReference; lastKnownFileType = text.xcconfig; name = "Arduino Yun.xcconfig"; path = "Configurations/Arduino Yun.xcconfig"; sourceTree = "<group>"; };
		40B00B861E01DB78006D8736 /* Arduino Yun (WiFi Ethernet).xcconfig */ = {isa = PBXFileReference; lastKnownFileType = text.xcconfig; name = "Arduino Yun (WiFi Ethernet).xcconfig"; path = "Configurations/Arduino Yun (WiFi Ethernet).xcconfig"; sourceTree = "<group>"; };
		40B00B871E01DB78006D8736 /* Intel Galileo.xcconfig */ = {isa = PBXFileReference; lastKnownFileType = text.xcconfig; name = "Intel Galileo.xcconfig"; path = "Configurations/Intel Galileo.xcconfig"; sourceTree = "<group>"; };
		40B00B881E01DB78006D8736 /* Intel Galileo Gen2.xcconfig */ = {isa = PBXFileReference; lastKnownFileType = text.xcconfig; name = "Intel Galileo Gen2.xcconfig"; path = "Configurations/Intel Galileo Gen2.xcconfig"; sourceTree = "<group>"; };
		40B00B891E01DB78006D8736 /* My Board.xcconfig */ = {isa = PBXFileReference; lastKnownFileType = text.xcconfig; name = "My Board.xcconfig"; path = "Configurations/My Board.xcconfig"; sourceTree = "<group>"; };
		40B00B8B1E01DB78006D8736 /* Arduino.mk */ = {isa = PBXFileReference; lastKnownFileType = text; name = Arduino.mk; path = Makefiles/Arduino.mk; sourceTree = "<group>"; };
		40B00B8C1E01DB78006D8736 /* Arduino1.mk */ = {isa = PBXFileReference; lastKnownFileType = text; name = Arduino1.mk; path = Makefiles/Arduino1.mk; sourceTree = "<group>"; };
		40B00B8D1E01DB78006D8736 /* Arduino15avr.mk */ = {isa = PBXFileReference; lastKnownFileType = text; name = Arduino15avr.mk; path = Makefiles/Arduino15avr.mk; sourceTree = "<group>"; };
		40B00B8E1E01DB78006D8736 /* Arduino15sam.mk */ = {isa = PBXFileReference; lastKnownFileType = text; name = Arduino15sam.mk; path = Makefiles/Arduino15sam.mk; sourceTree = "<group>"; };
		40B00B8F1E01DB78006D8736 /* Arduino23.mk */ = {isa = PBXFileReference; lastKnownFileType = text; name = Arduino23.mk; path = Makefiles/Arduino23.mk; sourceTree = "<group>"; };
		40B00B901E01DB78006D8736 /* Galileo.mk */ = {isa = PBXFileReference; lastKnownFileType = text; name = Galileo.mk; path = Makefiles/Galileo.mk; sourceTree = "<group>"; };
		40B00B911E01DB78006D8736 /* Step1.mk */ = {isa = PBXFileReference; lastKnownFileType = text; name = Step1.mk; path = Makefiles/Step1.mk; sourceTree = "<group>"; };
		40B00B921E01DB78006D8736 /* Step2.mk */ = {isa = PBXFileReference; lastKnownFileType = text; name = Step2.mk; path = Makefiles/Step2.mk; sourceTree = "<group>"; };
		40B00B931E01DB78006D8736 /* Avrdude.mk */ = {isa = PBXFileReference; lastKnownFileType = text; name = Avrdude.mk; path = Makefiles/Avrdude.mk; sourceTree = "<group>"; };
		40B00B941E01DB78006D8736 /* Doxygen.mk */ = {isa = PBXFileReference; lastKnownFileType = text; name = Doxygen.mk; path = Makefiles/Doxygen.mk; sourceTree = "<group>"; };
		40B00B951E01DB78006D8736 /* ReadMe.txt */ = {isa = PBXFileReference; lastKnownFileType = text; path = ReadMe.txt; sourceTree = "<group>"; };
		40B00B971E01DB78006D8736 /* About.txt */ = {isa = PBXFileReference; lastKnownFileType = text; name = About.txt; path = About/About.txt; sourceTree = "<group>"; };
		40B00B991E01DB78006D8736 /* reset.py */ = {isa = PBXFileReference; lastKnownFileType = text.script.python; name = reset.py; path = Utilities/reset.py; sourceTree = "<group>"; };
		40B00B9A1E01DB78006D8736 /* serial1200.py */ = {isa = PBXFileReference; lastKnownFileType = text.script.python; name = serial1200.py; path = Utilities/serial1200.py; sourceTree = "<group>"; };
		40B00B9B1E01DB78006D8736 /* sshpass */ = {isa = PBXFileReference; lastKnownFileType = "compiled.mach-o.executable"; name = sshpass; path = Utilities/sshpass; sourceTree = "<group>"; };
		40B00B9C1E01DB78006D8736 /* pdf.sh */ = {isa = PBXFileReference; lastKnownFileType = text.script.sh; name = pdf.sh; path = Utilities/pdf.sh; sourceTree = "<group>"; };
		40B00B9D1E01DB78006D8736 /* dist.sh */ = {isa = PBXFileReference; lastKnownFileType = text.script.sh; name = dist.sh; path = Utilities/dist.sh; sourceTree = "<group>"; };
		40B00B9E1E01DB78006D8736 /* doxyfile */ = {isa = PBXFileReference; lastKnownFileType = text; name = doxyfile; path = Utilities/doxyfile; sourceTree = "<group>"; };
		40B00B9F1E01DB78006D8736 /* embedXcode_prepare */ = {isa = PBXFileReference; lastKnownFileType = "compiled.mach-o.executable"; name = embedXcode_prepare; path = Utilities/embedXcode_prepare; sourceTree = "<group>"; };
		40B00BA01E01DB79006D8736 /* embedXcode_check */ = {isa = PBXFileReference; lastKnownFileType = "compiled.mach-o.executable"; name = embedXcode_check; path = Utilities/embedXcode_check; sourceTree = "<group>"; };
		40B00BA11E01DB79006D8736 /* embedXcode_chrono */ = {isa = PBXFileReference; lastKnownFileType = "compiled.mach-o.executable"; name = embedXcode_chrono; path = Utilities/embedXcode_chrono; sourceTree = "<group>"; };
		40B00BA21E01DB79006D8736 /* embedXcode_debug */ = {isa = PBXFileReference; lastKnownFileType = "compiled.mach-o.executable"; name = embedXcode_debug; path = Utilities/embedXcode_debug; sourceTree = "<group>"; };
		40B00BA31E01DB79006D8736 /* ek_lm4f120xl.cfg */ = {isa = PBXFileReference; lastKnownFileType = text; name = ek_lm4f120xl.cfg; path = Utilities/ek_lm4f120xl.cfg; sourceTree = "<group>"; };
		40B00BA41E01DB79006D8736 /* cc3200.cfg */ = {isa = PBXFileReference; lastKnownFileType = text; name = cc3200.cfg; path = Utilities/cc3200.cfg; sourceTree = "<group>"; };
		40B00BA51E01DB79006D8736 /* TemplateIcon.icns */ = {isa = PBXFileReference; lastKnownFileType = image.icns; name = TemplateIcon.icns; path = Utilities/TemplateIcon.icns; sourceTree = "<group>"; };
		40B00BA61E01DB79006D8736 /* clupload_osx.sh */ = {isa = PBXFileReference; lastKnownFileType = text.script.sh; name = clupload_osx.sh; path = Utilities/clupload_osx.sh; sourceTree = "<group>"; };
		40B00BA71E01DB79006D8736 /* hayThere.ino */ = {isa = PBXFileReference; lastKnownFileType = text; path = hayThere.ino; sourceTree = "<group>"; };
/* End PBXFileReference section */

/* Begin PBXGroup section */
		40B00B5A1E01DB78006D8736 = {
			isa = PBXGroup;
			children = (
				40B00B6E1E01DB78006D8736 /* hayThere */,
				40B00B6D1E01DB78006D8736 /* Products */,
			);
			sourceTree = "<group>";
		};
		40B00B6D1E01DB78006D8736 /* Products */ = {
			isa = PBXGroup;
			children = (
				40B00B6C1E01DB78006D8736 /* Index */,
			);
			name = Products;
			sourceTree = "<group>";
		};
		40B00B6E1E01DB78006D8736 /* hayThere */ = {
			isa = PBXGroup;
			children = (
				40B00B6F1E01DB78006D8736 /* main.cpp */,
				40B00B711E01DB78006D8736 /* Makefile */,
				40B00B951E01DB78006D8736 /* ReadMe.txt */,
				40B00BA71E01DB79006D8736 /* hayThere.ino */,
				40B00B731E01DB78006D8736 /* Sketchbook */,
				40B00B751E01DB78006D8736 /* Configurations */,
				40B00B8A1E01DB78006D8736 /* Makefiles */,
				40B00B961E01DB78006D8736 /* About */,
				40B00B981E01DB78006D8736 /* Utilities */,
			);
			path = hayThere;
			sourceTree = "<group>";
		};
		40B00B731E01DB78006D8736 /* Sketchbook */ = {
			isa = PBXGroup;
			children = (
				40B00B741E01DB78006D8736 /* Sketchbook.txt */,
			);
			name = Sketchbook;
			sourceTree = "<group>";
		};
		40B00B751E01DB78006D8736 /* Configurations */ = {
			isa = PBXGroup;
			children = (
				40B00B761E01DB78006D8736 /* Arduino Due.xcconfig */,
				40B00B771E01DB78006D8736 /* Arduino Duemilanove.xcconfig */,
				40B00B781E01DB78006D8736 /* Arduino Leonardo.xcconfig */,
				40B00B791E01DB78006D8736 /* Arduino Mega 2560.xcconfig */,
				40B00B7A1E01DB78006D8736 /* Arduino Micro.xcconfig */,
				40B00B7B1E01DB78006D8736 /* Arduino Pro with ATmega328-3.3V.xcconfig */,
				40B00B7C1E01DB78006D8736 /* Arduino Pro with ATmega328-5V.xcconfig */,
				40B00B7D1E01DB78006D8736 /* Arduino Mini with ATmega168.xcconfig */,
				40B00B7E1E01DB78006D8736 /* Arduino Mini with ATmega328.xcconfig */,
				40B00B7F1E01DB78006D8736 /* Arduino Nano with ATmega168.xcconfig */,
				40B00B801E01DB78006D8736 /* Arduino Nano with ATmega328.xcconfig */,
				40B00B811E01DB78006D8736 /* Arduino Robot Control.xcconfig */,
				40B00B821E01DB78006D8736 /* Arduino Robot Motor.xcconfig */,
				40B00B831E01DB78006D8736 /* Arduino Uno.xcconfig */,
				40B00B841E01DB78006D8736 /* Arduino Uno (USBtinyISP).xcconfig */,
				40B00B851E01DB78006D8736 /* Arduino Yun.xcconfig */,
				40B00B861E01DB78006D8736 /* Arduino Yun (WiFi Ethernet).xcconfig */,
				40B00B871E01DB78006D8736 /* Intel Galileo.xcconfig */,
				40B00B881E01DB78006D8736 /* Intel Galileo Gen2.xcconfig */,
				40B00B891E01DB78006D8736 /* My Board.xcconfig */,
			);
			name = Configurations;
			sourceTree = "<group>";
		};
		40B00B8A1E01DB78006D8736 /* Makefiles */ = {
			isa = PBXGroup;
			children = (
				40B00B8B1E01DB78006D8736 /* Arduino.mk */,
				40B00B8C1E01DB78006D8736 /* Arduino1.mk */,
				40B00B8D1E01DB78006D8736 /* Arduino15avr.mk */,
				40B00B8E1E01DB78006D8736 /* Arduino15sam.mk */,
				40B00B8F1E01DB78006D8736 /* Arduino23.mk */,
				40B00B901E01DB78006D8736 /* Galileo.mk */,
				40B00B911E01DB78006D8736 /* Step1.mk */,
				40B00B921E01DB78006D8736 /* Step2.mk */,
				40B00B931E01DB78006D8736 /* Avrdude.mk */,
				40B00B941E01DB78006D8736 /* Doxygen.mk */,
			);
			name = Makefiles;
			sourceTree = "<group>";
		};
		40B00B961E01DB78006D8736 /* About */ = {
			isa = PBXGroup;
			children = (
				40B00B971E01DB78006D8736 /* About.txt */,
			);
			name = About;
			sourceTree = "<group>";
		};
		40B00B981E01DB78006D8736 /* Utilities */ = {
			isa = PBXGroup;
			children = (
				40B00B991E01DB78006D8736 /* reset.py */,
				40B00B9A1E01DB78006D8736 /* serial1200.py */,
				40B00B9B1E01DB78006D8736 /* sshpass */,
				40B00B9C1E01DB78006D8736 /* pdf.sh */,
				40B00B9D1E01DB78006D8736 /* dist.sh */,
				40B00B9E1E01DB78006D8736 /* doxyfile */,
				40B00B9F1E01DB78006D8736 /* embedXcode_prepare */,
				40B00BA01E01DB79006D8736 /* embedXcode_check */,
				40B00BA11E01DB79006D8736 /* embedXcode_chrono */,
				40B00BA21E01DB79006D8736 /* embedXcode_debug */,
				40B00BA31E01DB79006D8736 /* ek_lm4f120xl.cfg */,
				40B00BA41E01DB79006D8736 /* cc3200.cfg */,
				40B00BA51E01DB79006D8736 /* TemplateIcon.icns */,
				40B00BA61E01DB79006D8736 /* clupload_osx.sh */,
			);
			name = Utilities;
			sourceTree = "<group>";
		};
/* End PBXGroup section */

/* Begin PBXLegacyTarget section */
		40B00B5F1E01DB78006D8736 /* All */ = {
			isa = PBXLegacyTarget;
			buildArgumentsString = "all -C \"$(PROJECT)\"";
			buildConfigurationList = 40B00BAA1E01DB79006D8736 /* Build configuration list for PBXLegacyTarget "All" */;
			buildPhases = (
			);
			buildToolPath = make;
			dependencies = (
			);
			name = All;
			passBuildSettingsInEnvironment = 1;
			productName = All;
		};
		40B00B601E01DB78006D8736 /* Build */ = {
			isa = PBXLegacyTarget;
			buildArgumentsString = "build -C \"$(PROJECT)\"";
			buildConfigurationList = 40B00BAD1E01DB79006D8736 /* Build configuration list for PBXLegacyTarget "Build" */;
			buildPhases = (
			);
			buildToolPath = make;
			dependencies = (
			);
			name = Build;
			passBuildSettingsInEnvironment = 1;
			productName = Build;
		};
		40B00B611E01DB78006D8736 /* Document */ = {
			isa = PBXLegacyTarget;
			buildArgumentsString = "document -C \"$(PROJECT)\"";
			buildConfigurationList = 40B00BB01E01DB79006D8736 /* Build configuration list for PBXLegacyTarget "Document" */;
			buildPhases = (
			);
			buildToolPath = make;
			dependencies = (
			);
			name = Document;
			passBuildSettingsInEnvironment = 1;
			productName = Document;
		};
		40B00B621E01DB78006D8736 /* Distribute */ = {
			isa = PBXLegacyTarget;
			buildArgumentsString = "distribute -C \"$(PROJECT)\"";
			buildConfigurationList = 40B00BB31E01DB79006D8736 /* Build configuration list for PBXLegacyTarget "Distribute" */;
			buildPhases = (
			);
			buildToolPath = make;
			dependencies = (
			);
			name = Distribute;
			passBuildSettingsInEnvironment = 1;
			productName = Distribute;
		};
		40B00B631E01DB78006D8736 /* Boards */ = {
			isa = PBXLegacyTarget;
			buildArgumentsString = "boards -C \"$(PROJECT)\"";
			buildConfigurationList = 40B00BB61E01DB79006D8736 /* Build configuration list for PBXLegacyTarget "Boards" */;
			buildPhases = (
			);
			buildToolPath = make;
			dependencies = (
			);
			name = Boards;
			passBuildSettingsInEnvironment = 1;
			productName = Boards;
		};
		40B00B641E01DB78006D8736 /* Serial */ = {
			isa = PBXLegacyTarget;
			buildArgumentsString = "serial -C \"$(PROJECT)\"";
			buildConfigurationList = 40B00BB91E01DB79006D8736 /* Build configuration list for PBXLegacyTarget "Serial" */;
			buildPhases = (
			);
			buildToolPath = make;
			dependencies = (
			);
			name = Serial;
			passBuildSettingsInEnvironment = 1;
			productName = Serial;
		};
		40B00B651E01DB78006D8736 /* Upload */ = {
			isa = PBXLegacyTarget;
			buildArgumentsString = "upload -C \"$(PROJECT)\"";
			buildConfigurationList = 40B00BBC1E01DB79006D8736 /* Build configuration list for PBXLegacyTarget "Upload" */;
			buildPhases = (
			);
			buildToolPath = make;
			dependencies = (
			);
			name = Upload;
			passBuildSettingsInEnvironment = 1;
			productName = Upload;
		};
		40B00B661E01DB78006D8736 /* Clean */ = {
			isa = PBXLegacyTarget;
			buildArgumentsString = "clean -C \"$(PROJECT)\"";
			buildConfigurationList = 40B00BBF1E01DB79006D8736 /* Build configuration list for PBXLegacyTarget "Clean" */;
			buildPhases = (
			);
			buildToolPath = make;
			dependencies = (
			);
			name = Clean;
			passBuildSettingsInEnvironment = 1;
			productName = Clean;
		};
		40B00B671E01DB78006D8736 /* Fast */ = {
			isa = PBXLegacyTarget;
			buildArgumentsString = "fast -C \"$(PROJECT)\"";
			buildConfigurationList = 40B00BC21E01DB79006D8736 /* Build configuration list for PBXLegacyTarget "Fast" */;
			buildPhases = (
			);
			buildToolPath = make;
			dependencies = (
			);
			name = Fast;
			passBuildSettingsInEnvironment = 1;
			productName = Fast;
		};
		40B00B681E01DB78006D8736 /* Make */ = {
			isa = PBXLegacyTarget;
			buildArgumentsString = "make -C \"$(PROJECT)\"";
			buildConfigurationList = 40B00BC51E01DB79006D8736 /* Build configuration list for PBXLegacyTarget "Make" */;
			buildPhases = (
			);
			buildToolPath = make;
			dependencies = (
			);
			name = Make;
			passBuildSettingsInEnvironment = 1;
			productName = Make;
		};
		40B00B691E01DB78006D8736 /* Debug */ = {
			isa = PBXLegacyTarget;
			buildArgumentsString = "debug -C \"$(PROJECT)\"";
			buildConfigurationList = 40B00BC81E01DB79006D8736 /* Build configuration list for PBXLegacyTarget "Debug" */;
			buildPhases = (
			);
			buildToolPath = make;
			dependencies = (
			);
			name = Debug;
			passBuildSettingsInEnvironment = 1;
			productName = Debug;
		};
/* End PBXLegacyTarget section */

/* Begin PBXNativeTarget section */
		40B00B6B1E01DB78006D8736 /* Index */ = {
			isa = PBXNativeTarget;
			buildConfigurationList = 40B00BCB1E01DB79006D8736 /* Build configuration list for PBXNativeTarget "Index" */;
			buildPhases = (
				40B00B6A1E01DB78006D8736 /* Sources */,
			);
			buildRules = (
			);
			dependencies = (
			);
			name = Index;
			productName = Index;
			productReference = 40B00B6C1E01DB78006D8736 /* Index */;
			productType = "com.apple.product-type.tool";
		};
/* End PBXNativeTarget section */

/* Begin PBXProject section */
		40B00B5B1E01DB78006D8736 /* Project object */ = {
			isa = PBXProject;
			attributes = {
				LastUpgradeCheck = 0510;
				ORGANIZATIONNAME = "___FULLUSERNAME___";
			};
			buildConfigurationList = 40B00B5E1E01DB78006D8736 /* Build configuration list for PBXProject "hayThere" */;
			compatibilityVersion = "Xcode 3.2";
			developmentRegion = English;
			hasScannedForEncodings = 0;
			knownRegions = (
				en,
			);
			mainGroup = 40B00B5A1E01DB78006D8736;
			productRefGroup = 40B00B6D1E01DB78006D8736 /* Products */;
			projectDirPath = "";
			projectRoot = "";
			targets = (
				40B00B5F1E01DB78006D8736 /* All */,
				40B00B601E01DB78006D8736 /* Build */,
				40B00B611E01DB78006D8736 /* Document */,
				40B00B621E01DB78006D8736 /* Distribute */,
				40B00B631E01DB78006D8736 /* Boards */,
				40B00B641E01DB78006D8736 /* Serial */,
				40B00B651E01DB78006D8736 /* Upload */,
				40B00B661E01DB78006D8736 /* Clean */,
				40B00B671E01DB78006D8736 /* Fast */,
				40B00B681E01DB78006D8736 /* Make */,
				40B00B691E01DB78006D8736 /* Debug */,
				40B00B6B1E01DB78006D8736 /* Index */,
			);
		};
/* End PBXProject section */

/* Begin PBXSourcesBuildPhase section */
		40B00B6A1E01DB78006D8736 /* Sources */ = {
			isa = PBXSourcesBuildPhase;
			buildActionMask = 2147483647;
			files = (
				40B00B721E01DB78006D8736 /* Makefile in Sources */,
				40B00B701E01DB78006D8736 /* main.cpp in Sources */,
			);
			runOnlyForDeploymentPostprocessing = 0;
		};
/* End PBXSourcesBuildPhase section */

/* Begin XCBuildConfiguration section */
		40B00BA81E01DB79006D8736 /* Debug */ = {
			isa = XCBuildConfiguration;
			baseConfigurationReference = 40B00B761E01DB78006D8736 /* Arduino Due.xcconfig */;
			buildSettings = {
				ALWAYS_SEARCH_USER_PATHS = NO;
				CLANG_CXX_LANGUAGE_STANDARD = "gnu++0x";
				CLANG_CXX_LIBRARY = "libc++";
				CLANG_ENABLE_MODULES = YES;
				CLANG_ENABLE_OBJC_ARC = YES;
				CLANG_WARN_BOOL_CONVERSION = YES;
				CLANG_WARN_CONSTANT_CONVERSION = YES;
				CLANG_WARN_DIRECT_OBJC_ISA_USAGE = YES_ERROR;
				CLANG_WARN_EMPTY_BODY = YES;
				CLANG_WARN_ENUM_CONVERSION = YES;
				CLANG_WARN_INT_CONVERSION = YES;
				CLANG_WARN_OBJC_ROOT_CLASS = YES_ERROR;
				CLANG_WARN__DUPLICATE_METHOD_MATCH = YES;
				COPY_PHASE_STRIP = NO;
				GCC_C_LANGUAGE_STANDARD = gnu99;
				GCC_DYNAMIC_NO_PIC = NO;
				GCC_OPTIMIZATION_LEVEL = 0;
				GCC_PREPROCESSOR_DEFINITIONS = (
					"DEBUG=1",
					"$(inherited)",
				);
				GCC_SYMBOLS_PRIVATE_EXTERN = NO;
				GCC_WARN_64_TO_32_BIT_CONVERSION = YES;
				GCC_WARN_ABOUT_RETURN_TYPE = YES_ERROR;
				GCC_WARN_UNDECLARED_SELECTOR = YES;
				GCC_WARN_UNINITIALIZED_AUTOS = YES_AGGRESSIVE;
				GCC_WARN_UNUSED_FUNCTION = YES;
				GCC_WARN_UNUSED_VARIABLE = YES;
				HEADER_SEARCH_PATHS = "$(inherited)";
				PATH = "$(PATH):$(PROJECT_DIR)";
				PRODUCT_NAME = "$(TARGET_NAME)";
				SKETCHBOOK_DIR = "";
				SKETCH_EXTENSION = ino;
			};
			name = Debug;
		};
		40B00BA91E01DB79006D8736 /* Release */ = {
			isa = XCBuildConfiguration;
			buildSettings = {
				ALWAYS_SEARCH_USER_PATHS = NO;
				CLANG_CXX_LANGUAGE_STANDARD = "gnu++0x";
				CLANG_CXX_LIBRARY = "libc++";
				CLANG_ENABLE_MODULES = YES;
				CLANG_ENABLE_OBJC_ARC = YES;
				CLANG_WARN_BOOL_CONVERSION = YES;
				CLANG_WARN_CONSTANT_CONVERSION = YES;
				CLANG_WARN_DIRECT_OBJC_ISA_USAGE = YES_ERROR;
				CLANG_WARN_EMPTY_BODY = YES;
				CLANG_WARN_ENUM_CONVERSION = YES;
				CLANG_WARN_INT_CONVERSION = YES;
				CLANG_WARN_OBJC_ROOT_CLASS = YES_ERROR;
				CLANG_WARN__DUPLICATE_METHOD_MATCH = YES;
				COPY_PHASE_STRIP = YES;
				ENABLE_NS_ASSERTIONS = NO;
				GCC_C_LANGUAGE_STANDARD = gnu99;
				GCC_WARN_64_TO_32_BIT_CONVERSION = YES;
				GCC_WARN_ABOUT_RETURN_TYPE = YES_ERROR;
				GCC_WARN_UNDECLARED_SELECTOR = YES;
				GCC_WARN_UNINITIALIZED_AUTOS = YES_AGGRESSIVE;
				GCC_WARN_UNUSED_FUNCTION = YES;
				GCC_WARN_UNUSED_VARIABLE = YES;
				HEADER_SEARCH_PATHS = "$(inherited)";
				PATH = "$(PATH):$(PROJECT_DIR)";
				PRODUCT_NAME = "$(TARGET_NAME)";
				SKETCHBOOK_DIR = "";
				SKETCH_EXTENSION = ino;
			};
			name = Release;
		};
		40B00BAB1E01DB79006D8736 /* Debug */ = {
			isa = XCBuildConfiguration;
			buildSettings = {
				PRODUCT_NAME = "$(TARGET_NAME)";
			};
			name = Debug;
		};
		40B00BAC1E01DB79006D8736 /* Release */ = {
			isa = XCBuildConfiguration;
			buildSettings = {
				PRODUCT_NAME = "$(TARGET_NAME)";
			};
			name = Release;
		};
		40B00BAE1E01DB79006D8736 /* Debug */ = {
			isa = XCBuildConfiguration;
			buildSettings = {
			};
			name = Debug;
		};
		40B00BAF1E01DB79006D8736 /* Release */ = {
			isa = XCBuildConfiguration;
			buildSettings = {
			};
			name = Release;
		};
		40B00BB11E01DB79006D8736 /* Debug */ = {
			isa = XCBuildConfiguration;
			buildSettings = {
			};
			name = Debug;
		};
		40B00BB21E01DB79006D8736 /* Release */ = {
			isa = XCBuildConfiguration;
			buildSettings = {
			};
			name = Release;
		};
		40B00BB41E01DB79006D8736 /* Debug */ = {
			isa = XCBuildConfiguration;
			buildSettings = {
			};
			name = Debug;
		};
		40B00BB51E01DB79006D8736 /* Release */ = {
			isa = XCBuildConfiguration;
			buildSettings = {
			};
			name = Release;
		};
		40B00BB71E01DB79006D8736 /* Debug */ = {
			isa = XCBuildConfiguration;
			buildSettings = {
			};
			name = Debug;
		};
		40B00BB81E01DB79006D8736 /* Release */ = {
			isa = XCBuildConfiguration;
			buildSettings = {
			};
			name = Release;
		};
		40B00BBA1E01DB79006D8736 /* Debug */ = {
			isa = XCBuildConfiguration;
			buildSettings = {
			};
			name = Debug;
		};
		40B00BBB1E01DB79006D8736 /* Release */ = {
			isa = XCBuildConfiguration;
			buildSettings = {
			};
			name = Release;
		};
		40B00BBD1E01DB79006D8736 /* Debug */ = {
			isa = XCBuildConfiguration;
			buildSettings = {
			};
			name = Debug;
		};
		40B00BBE1E01DB79006D8736 /* Release */ = {
			isa = XCBuildConfiguration;
			buildSettings = {
			};
			name = Release;
		};
		40B00BC01E01DB79006D8736 /* Debug */ = {
			isa = XCBuildConfiguration;
			buildSettings = {
			};
			name = Debug;
		};
		40B00BC11E01DB79006D8736 /* Release */ = {
			isa = XCBuildConfiguration;
			buildSettings = {
			};
			name = Release;
		};
		40B00BC31E01DB79006D8736 /* Debug */ = {
			isa = XCBuildConfiguration;
			buildSettings = {
			};
			name = Debug;
		};
		40B00BC41E01DB79006D8736 /* Release */ = {
			isa = XCBuildConfiguration;
			buildSettings = {
			};
			name = Release;
		};
		40B00BC61E01DB79006D8736 /* Debug */ = {
			isa = XCBuildConfiguration;
			buildSettings = {
			};
			name = Debug;
		};
		40B00BC71E01DB79006D8736 /* Release */ = {
			isa = XCBuildConfiguration;
			buildSettings = {
			};
			name = Release;
		};
		40B00BC91E01DB79006D8736 /* Debug */ = {
			isa = XCBuildConfiguration;
			buildSettings = {
			};
			name = Debug;
		};
		40B00BCA1E01DB79006D8736 /* Release */ = {
			isa = XCBuildConfiguration;
			buildSettings = {
			};
			name = Release;
		};
		40B00BCC1E01DB79006D8736 /* Debug */ = {
			isa = XCBuildConfiguration;
			buildSettings = {
			};
			name = Debug;
		};
		40B00BCD1E01DB79006D8736 /* Release */ = {
			isa = XCBuildConfiguration;
			buildSettings = {
			};
			name = Release;
		};
/* End XCBuildConfiguration section */

/* Begin XCConfigurationList section */
		40B00B5E1E01DB78006D8736 /* Build configuration list for PBXProject "hayThere" */ = {
			isa = XCConfigurationList;
			buildConfigurations = (
				40B00BA81E01DB79006D8736 /* Debug */,
				40B00BA91E01DB79006D8736 /* Release */,
			);
			defaultConfigurationIsVisible = 0;
			defaultConfigurationName = Release;
		};
		40B00BAA1E01DB79006D8736 /* Build configuration list for PBXLegacyTarget "All" */ = {
			isa = XCConfigurationList;
			buildConfigurations = (
				40B00BAB1E01DB79006D8736 /* Debug */,
				40B00BAC1E01DB79006D8736 /* Release */,
			);
			defaultConfigurationIsVisible = 0;
		};
		40B00BAD1E01DB79006D8736 /* Build configuration list for PBXLegacyTarget "Build" */ = {
			isa = XCConfigurationList;
			buildConfigurations = (
				40B00BAE1E01DB79006D8736 /* Debug */,
				40B00BAF1E01DB79006D8736 /* Release */,
			);
			defaultConfigurationIsVisible = 0;
		};
		40B00BB01E01DB79006D8736 /* Build configuration list for PBXLegacyTarget "Document" */ = {
			isa = XCConfigurationList;
			buildConfigurations = (
				40B00BB11E01DB79006D8736 /* Debug */,
				40B00BB21E01DB79006D8736 /* Release */,
			);
			defaultConfigurationIsVisible = 0;
		};
		40B00BB31E01DB79006D8736 /* Build configuration list for PBXLegacyTarget "Distribute" */ = {
			isa = XCConfigurationList;
			buildConfigurations = (
				40B00BB41E01DB79006D8736 /* Debug */,
				40B00BB51E01DB79006D8736 /* Release */,
			);
			defaultConfigurationIsVisible = 0;
		};
		40B00BB61E01DB79006D8736 /* Build configuration list for PBXLegacyTarget "Boards" */ = {
			isa = XCConfigurationList;
			buildConfigurations = (
				40B00BB71E01DB79006D8736 /* Debug */,
				40B00BB81E01DB79006D8736 /* Release */,
			);
			defaultConfigurationIsVisible = 0;
		};
		40B00BB91E01DB79006D8736 /* Build configuration list for PBXLegacyTarget "Serial" */ = {
			isa = XCConfigurationList;
			buildConfigurations = (
				40B00BBA1E01DB79006D8736 /* Debug */,
				40B00BBB1E01DB79006D8736 /* Release */,
			);
			defaultConfigurationIsVisible = 0;
		};
		40B00BBC1E01DB79006D8736 /* Build configuration list for PBXLegacyTarget "Upload" */ = {
			isa = XCConfigurationList;
			buildConfigurations = (
				40B00BBD1E01DB79006D8736 /* Debug */,
				40B00BBE1E01DB79006D8736 /* Release */,
			);
			defaultConfigurationIsVisible = 0;
		};
		40B00BBF1E01DB79006D8736 /* Build configuration list for PBXLegacyTarget "Clean" */ = {
			isa = XCConfigurationList;
			buildConfigurations = (
				40B00BC01E01DB79006D8736 /* Debug */,
				40B00BC11E01DB79006D8736 /* Release */,
			);
			defaultConfigurationIsVisible = 0;
		};
		40B00BC21E01DB79006D8736 /* Build configuration list for PBXLegacyTarget "Fast" */ = {
			isa = XCConfigurationList;
			buildConfigurations = (
				40B00BC31E01DB79006D8736 /* Debug */,
				40B00BC41E01DB79006D8736 /* Release */,
			);
			defaultConfigurationIsVisible = 0;
		};
		40B00BC51E01DB79006D8736 /* Build configuration list for PBXLegacyTarget "Make" */ = {
			isa = XCConfigurationList;
			buildConfigurations = (
				40B00BC61E01DB79006D8736 /* Debug */,
				40B00BC71E01DB79006D8736 /* Release */,
			);
			defaultConfigurationIsVisible = 0;
		};
		40B00BC81E01DB79006D8736 /* Build configuration list for PBXLegacyTarget "Debug" */ = {
			isa = XCConfigurationList;
			buildConfigurations = (
				40B00BC91E01DB79006D8736 /* Debug */,
				40B00BCA1E01DB79006D8736 /* Release */,
			);
			defaultConfigurationIsVisible = 0;
		};
		40B00BCB1E01DB79006D8736 /* Build configuration list for PBXNativeTarget "Index" */ = {
			isa = XCConfigurationList;
			buildConfigurations = (
				40B00BCC1E01DB79006D8736 /* Debug */,
				40B00BCD1E01DB79006D8736 /* Release */,
			);
			defaultConfigurationIsVisible = 0;
		};
/* End XCConfigurationList section */
	};
	rootObject = 40B00B5B1E01DB78006D8736 /* Project object */;
}
