<?xml version="1.0" encoding="UTF-8"?>
<Scheme
   LastUpgradeVersion = "0510"
   version = "1.3">
   <BuildAction
      parallelizeBuildables = "YES"
      buildImplicitDependencies = "YES">
      <PreActions>
         <ExecutionAction
            ActionType = "Xcode.IDEStandardExecutionActionsCore.ExecutionActionType.ShellScriptAction">
            <ActionContent
               title = "Run Script"
               scriptText = "osascript -e &apos;&#10;tell application &quot;System Events&quot;&#10;try&#13;set allArduinoWindows to every window of process &quot;Arduino&quot;&#13;repeat with theWindow in allArduinoWindows&#13;if name of theWindow begins with &quot;/dev/tty.usbmodem&quot; then&#13;click button 1 of theWindow&#13;return&#13;end if&#13;if name of theWindow begins with &quot;/dev/cu.usbmodem&quot; then&#13;click button 1 of theWindow&#13;return&#13;end if&#13;end repeat&#10;on error&#13;display alert &quot;cant deactivate Arduinos Serial Monitor!&quot;&#10;end try&#13;end tell&#10;&apos;">
            </ActionContent>
         </ExecutionAction>
      </PreActions>
      <PostActions>
         <ExecutionAction
            ActionType = "Xcode.IDEStandardExecutionActionsCore.ExecutionActionType.ShellScriptAction">
            <ActionContent
               title = "Run Script"
               scriptText = "osascript -e &apos;&#10;tell application &quot;System Events&quot;&#13;try&#10;tell application &quot;Arduino&quot; to activate&#13;set serialMonitorMenuItem to menu item &quot;Serieller Monitor&quot; of menu &quot;Werkzeuge&quot; of menu bar item &quot;Werkzeuge&quot; of menu bar 1 of process &quot;Arduino&quot;&#13;click serialMonitorMenuItem&#10;end try&#13;end tell&#10;&apos;">
            </ActionContent>
         </ExecutionAction>
      </PostActions>
      <BuildActionEntries>
         <BuildActionEntry
            buildForTesting = "YES"
            buildForRunning = "YES"
            buildForProfiling = "YES"
            buildForArchiving = "YES"
            buildForAnalyzing = "YES">
            <BuildableReference
               BuildableIdentifier = "primary"
               BlueprintIdentifier = "40B00B671E01DB78006D8736"
               BuildableName = "Fast"
               BlueprintName = "Fast"
               ReferencedContainer = "container:hayThere.xcodeproj">
            </BuildableReference>
         </BuildActionEntry>
      </BuildActionEntries>
   </BuildAction>
   <TestAction
      selectedDebuggerIdentifier = "Xcode.DebuggerFoundation.Debugger.LLDB"
      selectedLauncherIdentifier = "Xcode.DebuggerFoundation.Launcher.LLDB"
      shouldUseLaunchSchemeArgsEnv = "YES"
      buildConfiguration = "Debug">
      <Testables>
      </Testables>
   </TestAction>
   <LaunchAction
      selectedDebuggerIdentifier = "Xcode.DebuggerFoundation.Debugger.LLDB"
      selectedLauncherIdentifier = "Xcode.DebuggerFoundation.Launcher.LLDB"
      launchStyle = "0"
      useCustomWorkingDirectory = "NO"
      buildConfiguration = "Debug"
      ignoresPersistentStateOnLaunch = "NO"
      debugDocumentVersioning = "YES"
      allowLocationSimulation = "YES">
      <AdditionalOptions>
      </AdditionalOptions>
   </LaunchAction>
   <ProfileAction
      shouldUseLaunchSchemeArgsEnv = "YES"
      savedToolIdentifier = ""
      useCustomWorkingDirectory = "NO"
      buildConfiguration = "Release"
      debugDocumentVersioning = "YES">
   </ProfileAction>
   <AnalyzeAction
      buildConfiguration = "Debug">
   </AnalyzeAction>
   <ArchiveAction
      buildConfiguration = "Release"
      revealArchiveInOrganizer = "YES">
   </ArchiveAction>
</Scheme>
